
Microsoft Visual Studio Solution File, Format Version 12.00
# Visual Studio Version 16
VisualStudioVersion = 16.0.29102.190
MinimumVisualStudioVersion = 10.0.40219.1
Project("{9A19103F-16F7-4668-BE54-9A1E7A4F7556}") = "InstaPicture", "InstaPicture\InstaPicture.csproj", "{F556DFF0-9B98-46CD-AF75-A03CF8421102}"
EndProject
Project("{2150E333-8FDC-42A3-9474-1A3956D46DE8}") = "src", "src", "{37DBFC44-2219-41D5-97C7-FA4DEE586501}"
EndProject
Project("{2150E333-8FDC-42A3-9474-1A3956D46DE8}") = "tests", "tests", "{1E6C1183-064D-416A-A941-BB2933F8B67E}"
EndProject
Project("{FAE04EC0-301F-11D3-BF4B-00C04F79EFBC}") = "InstaPicture.Tests", "InstaPicture.Tests\InstaPicture.Tests.csproj", "{C173FDC2-6AD7-4D13-A6C0-3FC3AFBF4DC0}"
EndProject
Global
	GlobalSection(SolutionConfigurationPlatforms) = preSolution
		Debug|Any CPU = Debug|Any CPU
		Release|Any CPU = Release|Any CPU
	EndGlobalSection
	GlobalSection(ProjectConfigurationPlatforms) = postSolution
		{F556DFF0-9B98-46CD-AF75-A03CF8421102}.Debug|Any CPU.ActiveCfg = Debug|Any CPU
		{F556DFF0-9B98-46CD-AF75-A03CF8421102}.Debug|Any CPU.Build.0 = Debug|Any CPU
		{F556DFF0-9B98-46CD-AF75-A03CF8421102}.Release|Any CPU.ActiveCfg = Release|Any CPU
		{F556DFF0-9B98-46CD-AF75-A03CF8421102}.Release|Any CPU.Build.0 = Release|Any CPU
		{C173FDC2-6AD7-4D13-A6C0-3FC3AFBF4DC0}.Debug|Any CPU.ActiveCfg = Debug|Any CPU
		{C173FDC2-6AD7-4D13-A6C0-3FC3AFBF4DC0}.Debug|Any CPU.Build.0 = Debug|Any CPU
		{C173FDC2-6AD7-4D13-A6C0-3FC3AFBF4DC0}.Release|Any CPU.ActiveCfg = Release|Any CPU
		{C173FDC2-6AD7-4D13-A6C0-3FC3AFBF4DC0}.Release|Any CPU.Build.0 = Release|Any CPU
	EndGlobalSection
	GlobalSection(SolutionProperties) = preSolution
		HideSolutionNode = FALSE
	EndGlobalSection
	GlobalSection(NestedProjects) = preSolution
		{F556DFF0-9B98-46CD-AF75-A03CF8421102} = {37DBFC44-2219-41D5-97C7-FA4DEE586501}
		{C173FDC2-6AD7-4D13-A6C0-3FC3AFBF4DC0} = {1E6C1183-064D-416A-A941-BB2933F8B67E}
	EndGlobalSection
	GlobalSection(ExtensibilityGlobals) = postSolution
		SolutionGuid = {CF09E8DB-BD08-4764-8A83-2999FCA7B733}
	EndGlobalSection
EndGlobal
